
Microsoft Visual Studio Solution File, Format Version 12.00
# Visual Studio Version 17
VisualStudioVersion = 17.4.33110.190
MinimumVisualStudioVersion = 10.0.40219.1
Project("{FAE04EC0-301F-11D3-BF4B-00C04F79EFBC}") = "ConsoleApp1", "ConsoleApp1.csproj", "{602DB5A8-575D-4460-9463-C1C3B440FBA5}"
EndProject
Global
	GlobalSection(SolutionConfigurationPlatforms) = preSolution
		Debug|Any CPU = Debug|Any CPU
		Release|Any CPU = Release|Any CPU
	EndGlobalSection
	GlobalSection(ProjectConfigurationPlatforms) = postSolution
		{602DB5A8-575D-4460-9463-C1C3B440FBA5}.Debug|Any CPU.ActiveCfg = Debug|Any CPU
		{602DB5A8-575D-4460-9463-C1C3B440FBA5}.Debug|Any CPU.Build.0 = Debug|Any CPU
		{602DB5A8-575D-4460-9463-C1C3B440FBA5}.Release|Any CPU.ActiveCfg = Release|Any CPU
		{602DB5A8-575D-4460-9463-C1C3B440FBA5}.Release|Any CPU.Build.0 = Release|Any CPU
	EndGlobalSection
	GlobalSection(SolutionProperties) = preSolution
		HideSolutionNode = FALSE
	EndGlobalSection
	GlobalSection(ExtensibilityGlobals) = postSolution
		SolutionGuid = {C10763B6-8BB4-45A1-8526-23E4C7955093}
	EndGlobalSection
EndGlobal
